// !$*UTF8*$!
{
	archiveVersion = 1;
	classes = {
	};
	objectVersion = 56;
	objects = {

/* Begin PBXBuildFile section */
		07F221CBBE37B96338CF8C67 /* Pods_Minigames.framework in Frameworks */ = {isa = PBXBuildFile; fileRef = DD7448551FFB6A164A2B401B /* Pods_Minigames.framework */; };
		6751ADDC2C8B017B00B1D6E3 /* AppDelegate.swift in Sources */ = {isa = PBXBuildFile; fileRef = 6751ADDB2C8B017B00B1D6E3 /* AppDelegate.swift */; };
		6751ADDE2C8B017B00B1D6E3 /* SceneDelegate.swift in Sources */ = {isa = PBXBuildFile; fileRef = 6751ADDD2C8B017B00B1D6E3 /* SceneDelegate.swift */; };
		6751ADE02C8B017B00B1D6E3 /* ViewController.swift in Sources */ = {isa = PBXBuildFile; fileRef = 6751ADDF2C8B017B00B1D6E3 /* ViewController.swift */; };
		6751ADE52C8B017C00B1D6E3 /* Assets.xcassets in Resources */ = {isa = PBXBuildFile; fileRef = 6751ADE42C8B017C00B1D6E3 /* Assets.xcassets */; };
		6751ADE82C8B017C00B1D6E3 /* Base in Resources */ = {isa = PBXBuildFile; fileRef = 6751ADE72C8B017C00B1D6E3 /* Base */; };
		6751ADF32C8B017C00B1D6E3 /* MinigamesTests.swift in Sources */ = {isa = PBXBuildFile; fileRef = 6751ADF22C8B017C00B1D6E3 /* MinigamesTests.swift */; };
		6751ADFD2C8B017C00B1D6E3 /* MinigamesUITests.swift in Sources */ = {isa = PBXBuildFile; fileRef = 6751ADFC2C8B017C00B1D6E3 /* MinigamesUITests.swift */; };
		6751ADFF2C8B017C00B1D6E3 /* MinigamesUITestsLaunchTests.swift in Sources */ = {isa = PBXBuildFile; fileRef = 6751ADFE2C8B017C00B1D6E3 /* MinigamesUITestsLaunchTests.swift */; };
		6751AE112C8B069D00B1D6E3 /* MainTableViewCell.swift in Sources */ = {isa = PBXBuildFile; fileRef = 6751AE102C8B069D00B1D6E3 /* MainTableViewCell.swift */; };
		6751AE132C8B095A00B1D6E3 /* ticTacToeViewController.swift in Sources */ = {isa = PBXBuildFile; fileRef = 6751AE122C8B095A00B1D6E3 /* ticTacToeViewController.swift */; };
		6751AE162C8B108D00B1D6E3 /* Emoji.swift in Sources */ = {isa = PBXBuildFile; fileRef = 6751AE142C8B108D00B1D6E3 /* Emoji.swift */; };
		6751AE172C8B108D00B1D6E3 /* TicTacToe.swift in Sources */ = {isa = PBXBuildFile; fileRef = 6751AE152C8B108D00B1D6E3 /* TicTacToe.swift */; };
		6751AE192C8B109A00B1D6E3 /* XO.swift in Sources */ = {isa = PBXBuildFile; fileRef = 6751AE182C8B109A00B1D6E3 /* XO.swift */; };
		6774699E2C8DD472002D5112 /* MainTicTacToeViewController.swift in Sources */ = {isa = PBXBuildFile; fileRef = 6774699D2C8DD472002D5112 /* MainTicTacToeViewController.swift */; };
		677469A02C8DD913002D5112 /* EmojiViewController.swift in Sources */ = {isa = PBXBuildFile; fileRef = 6774699F2C8DD913002D5112 /* EmojiViewController.swift */; };
		677469A22C8E0B7F002D5112 /* NetworkManager.swift in Sources */ = {isa = PBXBuildFile; fileRef = 677469A12C8E0B7F002D5112 /* NetworkManager.swift */; };
		67D046142C8E15C400E33A7A /* WeatherViewController.swift in Sources */ = {isa = PBXBuildFile; fileRef = 67D046132C8E15C400E33A7A /* WeatherViewController.swift */; };
		67D0461A2C8E1BD200E33A7A /* Weather.swift in Sources */ = {isa = PBXBuildFile; fileRef = 67D046192C8E1BD200E33A7A /* Weather.swift */; };
		67D0461C2C8E322100E33A7A /* clickermanViewController.swift in Sources */ = {isa = PBXBuildFile; fileRef = 67D0461B2C8E322100E33A7A /* clickermanViewController.swift */; };
		67D046262C8E3EC800E33A7A /* Minigames.xcdatamodeld in Sources */ = {isa = PBXBuildFile; fileRef = 67D046242C8E3EC800E33A7A /* Minigames.xcdatamodeld */; };
/* End PBXBuildFile section */

/* Begin PBXContainerItemProxy section */
		6751ADEF2C8B017C00B1D6E3 /* PBXContainerItemProxy */ = {
			isa = PBXContainerItemProxy;
			containerPortal = 6751ADD02C8B017B00B1D6E3 /* Project object */;
			proxyType = 1;
			remoteGlobalIDString = 6751ADD72C8B017B00B1D6E3;
			remoteInfo = Minigames;
		};
		6751ADF92C8B017C00B1D6E3 /* PBXContainerItemProxy */ = {
			isa = PBXContainerItemProxy;
			containerPortal = 6751ADD02C8B017B00B1D6E3 /* Project object */;
			proxyType = 1;
			remoteGlobalIDString = 6751ADD72C8B017B00B1D6E3;
			remoteInfo = Minigames;
		};
/* End PBXContainerItemProxy section */

/* Begin PBXFileReference section */
		1C70A5D9517C6C953877867F /* Pods-Minigames.debug.xcconfig */ = {isa = PBXFileReference; includeInIndex = 1; lastKnownFileType = text.xcconfig; name = "Pods-Minigames.debug.xcconfig"; path = "Target Support Files/Pods-Minigames/Pods-Minigames.debug.xcconfig"; sourceTree = "<group>"; };
		6751ADD82C8B017B00B1D6E3 /* Minigames.app */ = {isa = PBXFileReference; explicitFileType = wrapper.application; includeInIndex = 0; path = Minigames.app; sourceTree = BUILT_PRODUCTS_DIR; };
		6751ADDB2C8B017B00B1D6E3 /* AppDelegate.swift */ = {isa = PBXFileReference; lastKnownFileType = sourcecode.swift; path = AppDelegate.swift; sourceTree = "<group>"; };
		6751ADDD2C8B017B00B1D6E3 /* SceneDelegate.swift */ = {isa = PBXFileReference; lastKnownFileType = sourcecode.swift; path = SceneDelegate.swift; sourceTree = "<group>"; };
		6751ADDF2C8B017B00B1D6E3 /* ViewController.swift */ = {isa = PBXFileReference; lastKnownFileType = sourcecode.swift; path = ViewController.swift; sourceTree = "<group>"; };
		6751ADE42C8B017C00B1D6E3 /* Assets.xcassets */ = {isa = PBXFileReference; lastKnownFileType = folder.assetcatalog; path = Assets.xcassets; sourceTree = "<group>"; };
		6751ADE72C8B017C00B1D6E3 /* Base */ = {isa = PBXFileReference; lastKnownFileType = file.storyboard; name = Base; path = Base.lproj/LaunchScreen.storyboard; sourceTree = "<group>"; };
		6751ADE92C8B017C00B1D6E3 /* Info.plist */ = {isa = PBXFileReference; lastKnownFileType = text.plist.xml; path = Info.plist; sourceTree = "<group>"; };
		6751ADEE2C8B017C00B1D6E3 /* MinigamesTests.xctest */ = {isa = PBXFileReference; explicitFileType = wrapper.cfbundle; includeInIndex = 0; path = MinigamesTests.xctest; sourceTree = BUILT_PRODUCTS_DIR; };
		6751ADF22C8B017C00B1D6E3 /* MinigamesTests.swift */ = {isa = PBXFileReference; lastKnownFileType = sourcecode.swift; path = MinigamesTests.swift; sourceTree = "<group>"; };
		6751ADF82C8B017C00B1D6E3 /* MinigamesUITests.xctest */ = {isa = PBXFileReference; explicitFileType = wrapper.cfbundle; includeInIndex = 0; path = MinigamesUITests.xctest; sourceTree = BUILT_PRODUCTS_DIR; };
		6751ADFC2C8B017C00B1D6E3 /* MinigamesUITests.swift */ = {isa = PBXFileReference; lastKnownFileType = sourcecode.swift; path = MinigamesUITests.swift; sourceTree = "<group>"; };
		6751ADFE2C8B017C00B1D6E3 /* MinigamesUITestsLaunchTests.swift */ = {isa = PBXFileReference; lastKnownFileType = sourcecode.swift; path = MinigamesUITestsLaunchTests.swift; sourceTree = "<group>"; };
		6751AE102C8B069D00B1D6E3 /* MainTableViewCell.swift */ = {isa = PBXFileReference; lastKnownFileType = sourcecode.swift; path = MainTableViewCell.swift; sourceTree = "<group>"; };
		6751AE122C8B095A00B1D6E3 /* ticTacToeViewController.swift */ = {isa = PBXFileReference; lastKnownFileType = sourcecode.swift; path = ticTacToeViewController.swift; sourceTree = "<group>"; };
		6751AE142C8B108D00B1D6E3 /* Emoji.swift */ = {isa = PBXFileReference; fileEncoding = 4; lastKnownFileType = sourcecode.swift; path = Emoji.swift; sourceTree = "<group>"; };
		6751AE152C8B108D00B1D6E3 /* TicTacToe.swift */ = {isa = PBXFileReference; fileEncoding = 4; lastKnownFileType = sourcecode.swift; path = TicTacToe.swift; sourceTree = "<group>"; };
		6751AE182C8B109A00B1D6E3 /* XO.swift */ = {isa = PBXFileReference; fileEncoding = 4; lastKnownFileType = sourcecode.swift; path = XO.swift; sourceTree = "<group>"; };
		6774699D2C8DD472002D5112 /* MainTicTacToeViewController.swift */ = {isa = PBXFileReference; lastKnownFileType = sourcecode.swift; path = MainTicTacToeViewController.swift; sourceTree = "<group>"; };
		6774699F2C8DD913002D5112 /* EmojiViewController.swift */ = {isa = PBXFileReference; lastKnownFileType = sourcecode.swift; path = EmojiViewController.swift; sourceTree = "<group>"; };
		677469A12C8E0B7F002D5112 /* NetworkManager.swift */ = {isa = PBXFileReference; lastKnownFileType = sourcecode.swift; path = NetworkManager.swift; sourceTree = "<group>"; };
		67D046132C8E15C400E33A7A /* WeatherViewController.swift */ = {isa = PBXFileReference; lastKnownFileType = sourcecode.swift; path = WeatherViewController.swift; sourceTree = "<group>"; };
		67D046192C8E1BD200E33A7A /* Weather.swift */ = {isa = PBXFileReference; lastKnownFileType = sourcecode.swift; path = Weather.swift; sourceTree = "<group>"; };
		67D0461B2C8E322100E33A7A /* clickermanViewController.swift */ = {isa = PBXFileReference; lastKnownFileType = sourcecode.swift; path = clickermanViewController.swift; sourceTree = "<group>"; };
		67D046252C8E3EC800E33A7A /* Minigames.xcdatamodel */ = {isa = PBXFileReference; lastKnownFileType = wrapper.xcdatamodel; path = Minigames.xcdatamodel; sourceTree = "<group>"; };
		8138903272E1DF0FE9B922B1 /* Pods-Minigames.release.xcconfig */ = {isa = PBXFileReference; includeInIndex = 1; lastKnownFileType = text.xcconfig; name = "Pods-Minigames.release.xcconfig"; path = "Target Support Files/Pods-Minigames/Pods-Minigames.release.xcconfig"; sourceTree = "<group>"; };
		DD7448551FFB6A164A2B401B /* Pods_Minigames.framework */ = {isa = PBXFileReference; explicitFileType = wrapper.framework; includeInIndex = 0; path = Pods_Minigames.framework; sourceTree = BUILT_PRODUCTS_DIR; };
/* End PBXFileReference section */

/* Begin PBXFrameworksBuildPhase section */
		6751ADD52C8B017B00B1D6E3 /* Frameworks */ = {
			isa = PBXFrameworksBuildPhase;
			buildActionMask = 2147483647;
			files = (
				07F221CBBE37B96338CF8C67 /* Pods_Minigames.framework in Frameworks */,
			);
			runOnlyForDeploymentPostprocessing = 0;
		};
		6751ADEB2C8B017C00B1D6E3 /* Frameworks */ = {
			isa = PBXFrameworksBuildPhase;
			buildActionMask = 2147483647;
			files = (
			);
			runOnlyForDeploymentPostprocessing = 0;
		};
		6751ADF52C8B017C00B1D6E3 /* Frameworks */ = {
			isa = PBXFrameworksBuildPhase;
			buildActionMask = 2147483647;
			files = (
			);
			runOnlyForDeploymentPostprocessing = 0;
		};
/* End PBXFrameworksBuildPhase section */

/* Begin PBXGroup section */
		29A5AACA9BAD8ADED26246A4 /* Pods */ = {
			isa = PBXGroup;
			children = (
				1C70A5D9517C6C953877867F /* Pods-Minigames.debug.xcconfig */,
				8138903272E1DF0FE9B922B1 /* Pods-Minigames.release.xcconfig */,
			);
			path = Pods;
			sourceTree = "<group>";
		};
		6751ADCF2C8B017B00B1D6E3 = {
			isa = PBXGroup;
			children = (
				6751ADDA2C8B017B00B1D6E3 /* Minigames */,
				6751ADF12C8B017C00B1D6E3 /* MinigamesTests */,
				6751ADFB2C8B017C00B1D6E3 /* MinigamesUITests */,
				6751ADD92C8B017B00B1D6E3 /* Products */,
				29A5AACA9BAD8ADED26246A4 /* Pods */,
				F3AE79C1E5971A1A453CA324 /* Frameworks */,
			);
			sourceTree = "<group>";
		};
		6751ADD92C8B017B00B1D6E3 /* Products */ = {
			isa = PBXGroup;
			children = (
				6751ADD82C8B017B00B1D6E3 /* Minigames.app */,
				6751ADEE2C8B017C00B1D6E3 /* MinigamesTests.xctest */,
				6751ADF82C8B017C00B1D6E3 /* MinigamesUITests.xctest */,
			);
			name = Products;
			sourceTree = "<group>";
		};
		6751ADDA2C8B017B00B1D6E3 /* Minigames */ = {
			isa = PBXGroup;
			children = (
				6751AE0E2C8B066600B1D6E3 /* View */,
				6751AE0D2C8B064E00B1D6E3 /* Controller */,
				6751AE0C2C8B064800B1D6E3 /* Model */,
				6751AE0B2C8B062B00B1D6E3 /* Delegate */,
				6751ADDF2C8B017B00B1D6E3 /* ViewController.swift */,
				6751ADE42C8B017C00B1D6E3 /* Assets.xcassets */,
				6751ADE62C8B017C00B1D6E3 /* LaunchScreen.storyboard */,
				6751ADE92C8B017C00B1D6E3 /* Info.plist */,
			);
			path = Minigames;
			sourceTree = "<group>";
		};
		6751ADF12C8B017C00B1D6E3 /* MinigamesTests */ = {
			isa = PBXGroup;
			children = (
				6751ADF22C8B017C00B1D6E3 /* MinigamesTests.swift */,
			);
			path = MinigamesTests;
			sourceTree = "<group>";
		};
		6751ADFB2C8B017C00B1D6E3 /* MinigamesUITests */ = {
			isa = PBXGroup;
			children = (
				6751ADFC2C8B017C00B1D6E3 /* MinigamesUITests.swift */,
				6751ADFE2C8B017C00B1D6E3 /* MinigamesUITestsLaunchTests.swift */,
			);
			path = MinigamesUITests;
			sourceTree = "<group>";
		};
		6751AE0B2C8B062B00B1D6E3 /* Delegate */ = {
			isa = PBXGroup;
			children = (
				6751ADDB2C8B017B00B1D6E3 /* AppDelegate.swift */,
				6751ADDD2C8B017B00B1D6E3 /* SceneDelegate.swift */,
			);
			path = Delegate;
			sourceTree = "<group>";
		};
		6751AE0C2C8B064800B1D6E3 /* Model */ = {
			isa = PBXGroup;
			children = (
				6751AE182C8B109A00B1D6E3 /* XO.swift */,
				67D046192C8E1BD200E33A7A /* Weather.swift */,
			);
			path = Model;
			sourceTree = "<group>";
		};
		6751AE0D2C8B064E00B1D6E3 /* Controller */ = {
			isa = PBXGroup;
			children = (
				6751AE142C8B108D00B1D6E3 /* Emoji.swift */,
				6751AE152C8B108D00B1D6E3 /* TicTacToe.swift */,
				677469A12C8E0B7F002D5112 /* NetworkManager.swift */,
			);
			path = Controller;
			sourceTree = "<group>";
		};
		6751AE0E2C8B066600B1D6E3 /* View */ = {
			isa = PBXGroup;
			children = (
				67D046202C8E3E6200E33A7A /* Data */,
				6751AE0F2C8B067400B1D6E3 /* Subclass */,
				6751AE122C8B095A00B1D6E3 /* ticTacToeViewController.swift */,
				6774699D2C8DD472002D5112 /* MainTicTacToeViewController.swift */,
				6774699F2C8DD913002D5112 /* EmojiViewController.swift */,
				67D046132C8E15C400E33A7A /* WeatherViewController.swift */,
				67D0461B2C8E322100E33A7A /* clickermanViewController.swift */,
			);
			path = View;
			sourceTree = "<group>";
		};
		6751AE0F2C8B067400B1D6E3 /* Subclass */ = {
			isa = PBXGroup;
			children = (
				6751AE102C8B069D00B1D6E3 /* MainTableViewCell.swift */,
			);
			path = Subclass;
			sourceTree = "<group>";
		};
		67D046202C8E3E6200E33A7A /* Data */ = {
			isa = PBXGroup;
			children = (
				67D046242C8E3EC800E33A7A /* Minigames.xcdatamodeld */,
			);
			path = Data;
			sourceTree = "<group>";
		};
		F3AE79C1E5971A1A453CA324 /* Frameworks */ = {
			isa = PBXGroup;
			children = (
				DD7448551FFB6A164A2B401B /* Pods_Minigames.framework */,
			);
			name = Frameworks;
			sourceTree = "<group>";
		};
/* End PBXGroup section */

/* Begin PBXNativeTarget section */
		6751ADD72C8B017B00B1D6E3 /* Minigames */ = {
			isa = PBXNativeTarget;
			buildConfigurationList = 6751AE022C8B017C00B1D6E3 /* Build configuration list for PBXNativeTarget "Minigames" */;
			buildPhases = (
				BD4703EFF955C1AB6924C6A8 /* [CP] Check Pods Manifest.lock */,
				6751ADD42C8B017B00B1D6E3 /* Sources */,
				6751ADD52C8B017B00B1D6E3 /* Frameworks */,
				6751ADD62C8B017B00B1D6E3 /* Resources */,
				F8617D8563083EB80A68A508 /* [CP] Embed Pods Frameworks */,
			);
			buildRules = (
			);
			dependencies = (
			);
			name = Minigames;
			productName = Minigames;
			productReference = 6751ADD82C8B017B00B1D6E3 /* Minigames.app */;
			productType = "com.apple.product-type.application";
		};
		6751ADED2C8B017C00B1D6E3 /* MinigamesTests */ = {
			isa = PBXNativeTarget;
			buildConfigurationList = 6751AE052C8B017C00B1D6E3 /* Build configuration list for PBXNativeTarget "MinigamesTests" */;
			buildPhases = (
				6751ADEA2C8B017C00B1D6E3 /* Sources */,
				6751ADEB2C8B017C00B1D6E3 /* Frameworks */,
				6751ADEC2C8B017C00B1D6E3 /* Resources */,
			);
			buildRules = (
			);
			dependencies = (
				6751ADF02C8B017C00B1D6E3 /* PBXTargetDependency */,
			);
			name = MinigamesTests;
			productName = MinigamesTests;
			productReference = 6751ADEE2C8B017C00B1D6E3 /* MinigamesTests.xctest */;
			productType = "com.apple.product-type.bundle.unit-test";
		};
		6751ADF72C8B017C00B1D6E3 /* MinigamesUITests */ = {
			isa = PBXNativeTarget;
			buildConfigurationList = 6751AE082C8B017C00B1D6E3 /* Build configuration list for PBXNativeTarget "MinigamesUITests" */;
			buildPhases = (
				6751ADF42C8B017C00B1D6E3 /* Sources */,
				6751ADF52C8B017C00B1D6E3 /* Frameworks */,
				6751ADF62C8B017C00B1D6E3 /* Resources */,
			);
			buildRules = (
			);
			dependencies = (
				6751ADFA2C8B017C00B1D6E3 /* PBXTargetDependency */,
			);
			name = MinigamesUITests;
			productName = MinigamesUITests;
			productReference = 6751ADF82C8B017C00B1D6E3 /* MinigamesUITests.xctest */;
			productType = "com.apple.product-type.bundle.ui-testing";
		};
/* End PBXNativeTarget section */

/* Begin PBXProject section */
		6751ADD02C8B017B00B1D6E3 /* Project object */ = {
			isa = PBXProject;
			attributes = {
				BuildIndependentTargetsInParallel = 1;
				LastSwiftUpdateCheck = 1540;
				LastUpgradeCheck = 1540;
				TargetAttributes = {
					6751ADD72C8B017B00B1D6E3 = {
						CreatedOnToolsVersion = 15.4;
					};
					6751ADED2C8B017C00B1D6E3 = {
						CreatedOnToolsVersion = 15.4;
						TestTargetID = 6751ADD72C8B017B00B1D6E3;
					};
					6751ADF72C8B017C00B1D6E3 = {
						CreatedOnToolsVersion = 15.4;
						TestTargetID = 6751ADD72C8B017B00B1D6E3;
					};
				};
			};
			buildConfigurationList = 6751ADD32C8B017B00B1D6E3 /* Build configuration list for PBXProject "Minigames" */;
			compatibilityVersion = "Xcode 14.0";
			developmentRegion = en;
			hasScannedForEncodings = 0;
			knownRegions = (
				en,
				Base,
			);
			mainGroup = 6751ADCF2C8B017B00B1D6E3;
			productRefGroup = 6751ADD92C8B017B00B1D6E3 /* Products */;
			projectDirPath = "";
			projectRoot = "";
			targets = (
				6751ADD72C8B017B00B1D6E3 /* Minigames */,
				6751ADED2C8B017C00B1D6E3 /* MinigamesTests */,
				6751ADF72C8B017C00B1D6E3 /* MinigamesUITests */,
			);
		};
/* End PBXProject section */

/* Begin PBXResourcesBuildPhase section */
		6751ADD62C8B017B00B1D6E3 /* Resources */ = {
			isa = PBXResourcesBuildPhase;
			buildActionMask = 2147483647;
			files = (
				6751ADE52C8B017C00B1D6E3 /* Assets.xcassets in Resources */,
				6751ADE82C8B017C00B1D6E3 /* Base in Resources */,
			);
			runOnlyForDeploymentPostprocessing = 0;
		};
		6751ADEC2C8B017C00B1D6E3 /* Resources */ = {
			isa = PBXResourcesBuildPhase;
			buildActionMask = 2147483647;
			files = (
			);
			runOnlyForDeploymentPostprocessing = 0;
		};
		6751ADF62C8B017C00B1D6E3 /* Resources */ = {
			isa = PBXResourcesBuildPhase;
			buildActionMask = 2147483647;
			files = (
			);
			runOnlyForDeploymentPostprocessing = 0;
		};
/* End PBXResourcesBuildPhase section */

/* Begin PBXShellScriptBuildPhase section */
		BD4703EFF955C1AB6924C6A8 /* [CP] Check Pods Manifest.lock */ = {
			isa = PBXShellScriptBuildPhase;
			buildActionMask = 2147483647;
			files = (
			);
			inputFileListPaths = (
			);
			inputPaths = (
				"${PODS_PODFILE_DIR_PATH}/Podfile.lock",
				"${PODS_ROOT}/Manifest.lock",
			);
			name = "[CP] Check Pods Manifest.lock";
			outputFileListPaths = (
			);
			outputPaths = (
				"$(DERIVED_FILE_DIR)/Pods-Minigames-checkManifestLockResult.txt",
			);
			runOnlyForDeploymentPostprocessing = 0;
			shellPath = /bin/sh;
			shellScript = "diff \"${PODS_PODFILE_DIR_PATH}/Podfile.lock\" \"${PODS_ROOT}/Manifest.lock\" > /dev/null\nif [ $? != 0 ] ; then\n    # print error to STDERR\n    echo \"error: The sandbox is not in sync with the Podfile.lock. Run 'pod install' or update your CocoaPods installation.\" >&2\n    exit 1\nfi\n# This output is used by Xcode 'outputs' to avoid re-running this script phase.\necho \"SUCCESS\" > \"${SCRIPT_OUTPUT_FILE_0}\"\n";
			showEnvVarsInLog = 0;
		};
		F8617D8563083EB80A68A508 /* [CP] Embed Pods Frameworks */ = {
			isa = PBXShellScriptBuildPhase;
			buildActionMask = 2147483647;
			files = (
			);
			inputFileListPaths = (
				"${PODS_ROOT}/Target Support Files/Pods-Minigames/Pods-Minigames-frameworks-${CONFIGURATION}-input-files.xcfilelist",
			);
			name = "[CP] Embed Pods Frameworks";
			outputFileListPaths = (
				"${PODS_ROOT}/Target Support Files/Pods-Minigames/Pods-Minigames-frameworks-${CONFIGURATION}-output-files.xcfilelist",
			);
			runOnlyForDeploymentPostprocessing = 0;
			shellPath = /bin/sh;
			shellScript = "\"${PODS_ROOT}/Target Support Files/Pods-Minigames/Pods-Minigames-frameworks.sh\"\n";
			showEnvVarsInLog = 0;
		};
/* End PBXShellScriptBuildPhase section */

/* Begin PBXSourcesBuildPhase section */
		6751ADD42C8B017B00B1D6E3 /* Sources */ = {
			isa = PBXSourcesBuildPhase;
			buildActionMask = 2147483647;
			files = (
				6751AE162C8B108D00B1D6E3 /* Emoji.swift in Sources */,
				67D046142C8E15C400E33A7A /* WeatherViewController.swift in Sources */,
				677469A02C8DD913002D5112 /* EmojiViewController.swift in Sources */,
				67D0461C2C8E322100E33A7A /* clickermanViewController.swift in Sources */,
				6751ADE02C8B017B00B1D6E3 /* ViewController.swift in Sources */,
				67D0461A2C8E1BD200E33A7A /* Weather.swift in Sources */,
				6751AE192C8B109A00B1D6E3 /* XO.swift in Sources */,
				67D046262C8E3EC800E33A7A /* Minigames.xcdatamodeld in Sources */,
				677469A22C8E0B7F002D5112 /* NetworkManager.swift in Sources */,
				6751ADDC2C8B017B00B1D6E3 /* AppDelegate.swift in Sources */,
				6751AE112C8B069D00B1D6E3 /* MainTableViewCell.swift in Sources */,
				6751AE132C8B095A00B1D6E3 /* ticTacToeViewController.swift in Sources */,
				6751ADDE2C8B017B00B1D6E3 /* SceneDelegate.swift in Sources */,
				6774699E2C8DD472002D5112 /* MainTicTacToeViewController.swift in Sources */,
				6751AE172C8B108D00B1D6E3 /* TicTacToe.swift in Sources */,
			);
			runOnlyForDeploymentPostprocessing = 0;
		};
		6751ADEA2C8B017C00B1D6E3 /* Sources */ = {
			isa = PBXSourcesBuildPhase;
			buildActionMask = 2147483647;
			files = (
				6751ADF32C8B017C00B1D6E3 /* MinigamesTests.swift in Sources */,
			);
			runOnlyForDeploymentPostprocessing = 0;
		};
		6751ADF42C8B017C00B1D6E3 /* Sources */ = {
			isa = PBXSourcesBuildPhase;
			buildActionMask = 2147483647;
			files = (
				6751ADFD2C8B017C00B1D6E3 /* MinigamesUITests.swift in Sources */,
				6751ADFF2C8B017C00B1D6E3 /* MinigamesUITestsLaunchTests.swift in Sources */,
			);
			runOnlyForDeploymentPostprocessing = 0;
		};
/* End PBXSourcesBuildPhase section */

/* Begin PBXTargetDependency section */
		6751ADF02C8B017C00B1D6E3 /* PBXTargetDependency */ = {
			isa = PBXTargetDependency;
			target = 6751ADD72C8B017B00B1D6E3 /* Minigames */;
			targetProxy = 6751ADEF2C8B017C00B1D6E3 /* PBXContainerItemProxy */;
		};
		6751ADFA2C8B017C00B1D6E3 /* PBXTargetDependency */ = {
			isa = PBXTargetDependency;
			target = 6751ADD72C8B017B00B1D6E3 /* Minigames */;
			targetProxy = 6751ADF92C8B017C00B1D6E3 /* PBXContainerItemProxy */;
		};
/* End PBXTargetDependency section */

/* Begin PBXVariantGroup section */
		6751ADE62C8B017C00B1D6E3 /* LaunchScreen.storyboard */ = {
			isa = PBXVariantGroup;
			children = (
				6751ADE72C8B017C00B1D6E3 /* Base */,
			);
			name = LaunchScreen.storyboard;
			sourceTree = "<group>";
		};
/* End PBXVariantGroup section */

/* Begin XCBuildConfiguration section */
		6751AE002C8B017C00B1D6E3 /* Debug */ = {
			isa = XCBuildConfiguration;
			buildSettings = {
				ALWAYS_SEARCH_USER_PATHS = NO;
				ARCHS = "$(ARCHS_STANDARD)";
				ASSETCATALOG_COMPILER_GENERATE_SWIFT_ASSET_SYMBOL_EXTENSIONS = YES;
				CLANG_ANALYZER_NONNULL = YES;
				CLANG_ANALYZER_NUMBER_OBJECT_CONVERSION = YES_AGGRESSIVE;
				CLANG_CXX_LANGUAGE_STANDARD = "gnu++20";
				CLANG_ENABLE_MODULES = YES;
				CLANG_ENABLE_OBJC_ARC = YES;
				CLANG_ENABLE_OBJC_WEAK = YES;
				CLANG_WARN_BLOCK_CAPTURE_AUTORELEASING = YES;
				CLANG_WARN_BOOL_CONVERSION = YES;
				CLANG_WARN_COMMA = YES;
				CLANG_WARN_CONSTANT_CONVERSION = YES;
				CLANG_WARN_DEPRECATED_OBJC_IMPLEMENTATIONS = YES;
				CLANG_WARN_DIRECT_OBJC_ISA_USAGE = YES_ERROR;
				CLANG_WARN_DOCUMENTATION_COMMENTS = YES;
				CLANG_WARN_EMPTY_BODY = YES;
				CLANG_WARN_ENUM_CONVERSION = YES;
				CLANG_WARN_INFINITE_RECURSION = YES;
				CLANG_WARN_INT_CONVERSION = YES;
				CLANG_WARN_NON_LITERAL_NULL_CONVERSION = YES;
				CLANG_WARN_OBJC_IMPLICIT_RETAIN_SELF = YES;
				CLANG_WARN_OBJC_LITERAL_CONVERSION = YES;
				CLANG_WARN_OBJC_ROOT_CLASS = YES_ERROR;
				CLANG_WARN_QUOTED_INCLUDE_IN_FRAMEWORK_HEADER = YES;
				CLANG_WARN_RANGE_LOOP_ANALYSIS = YES;
				CLANG_WARN_STRICT_PROTOTYPES = YES;
				CLANG_WARN_SUSPICIOUS_MOVE = YES;
				CLANG_WARN_UNGUARDED_AVAILABILITY = YES_AGGRESSIVE;
				CLANG_WARN_UNREACHABLE_CODE = YES;
				CLANG_WARN__DUPLICATE_METHOD_MATCH = YES;
				COPY_PHASE_STRIP = NO;
				DEBUG_INFORMATION_FORMAT = dwarf;
				ENABLE_STRICT_OBJC_MSGSEND = YES;
				ENABLE_TESTABILITY = YES;
				ENABLE_USER_SCRIPT_SANDBOXING = NO;
				EXCLUDED_ARCHS = arm64;
				GCC_C_LANGUAGE_STANDARD = gnu17;
				GCC_DYNAMIC_NO_PIC = NO;
				GCC_NO_COMMON_BLOCKS = YES;
				GCC_OPTIMIZATION_LEVEL = 0;
				GCC_PREPROCESSOR_DEFINITIONS = (
					"DEBUG=1",
					"$(inherited)",
				);
				GCC_WARN_64_TO_32_BIT_CONVERSION = YES;
				GCC_WARN_ABOUT_RETURN_TYPE = YES_ERROR;
				GCC_WARN_UNDECLARED_SELECTOR = YES;
				GCC_WARN_UNINITIALIZED_AUTOS = YES_AGGRESSIVE;
				GCC_WARN_UNUSED_FUNCTION = YES;
				GCC_WARN_UNUSED_VARIABLE = YES;
				IPHONEOS_DEPLOYMENT_TARGET = 17.5;
				LOCALIZATION_PREFERS_STRING_CATALOGS = YES;
				MTL_ENABLE_DEBUG_INFO = INCLUDE_SOURCE;
				MTL_FAST_MATH = YES;
				ONLY_ACTIVE_ARCH = YES;
				SDKROOT = iphoneos;
				SWIFT_ACTIVE_COMPILATION_CONDITIONS = "DEBUG $(inherited)";
				SWIFT_OPTIMIZATION_LEVEL = "-Onone";
			};
			name = Debug;
		};
		6751AE012C8B017C00B1D6E3 /* Release */ = {
			isa = XCBuildConfiguration;
			buildSettings = {
				ALWAYS_SEARCH_USER_PATHS = NO;
				ARCHS = "$(ARCHS_STANDARD)";
				ASSETCATALOG_COMPILER_GENERATE_SWIFT_ASSET_SYMBOL_EXTENSIONS = YES;
				CLANG_ANALYZER_NONNULL = YES;
				CLANG_ANALYZER_NUMBER_OBJECT_CONVERSION = YES_AGGRESSIVE;
				CLANG_CXX_LANGUAGE_STANDARD = "gnu++20";
				CLANG_ENABLE_MODULES = YES;
				CLANG_ENABLE_OBJC_ARC = YES;
				CLANG_ENABLE_OBJC_WEAK = YES;
				CLANG_WARN_BLOCK_CAPTURE_AUTORELEASING = YES;
				CLANG_WARN_BOOL_CONVERSION = YES;
				CLANG_WARN_COMMA = YES;
				CLANG_WARN_CONSTANT_CONVERSION = YES;
				CLANG_WARN_DEPRECATED_OBJC_IMPLEMENTATIONS = YES;
				CLANG_WARN_DIRECT_OBJC_ISA_USAGE = YES_ERROR;
				CLANG_WARN_DOCUMENTATION_COMMENTS = YES;
				CLANG_WARN_EMPTY_BODY = YES;
				CLANG_WARN_ENUM_CONVERSION = YES;
				CLANG_WARN_INFINITE_RECURSION = YES;
				CLANG_WARN_INT_CONVERSION = YES;
				CLANG_WARN_NON_LITERAL_NULL_CONVERSION = YES;
				CLANG_WARN_OBJC_IMPLICIT_RETAIN_SELF = YES;
				CLANG_WARN_OBJC_LITERAL_CONVERSION = YES;
				CLANG_WARN_OBJC_ROOT_CLASS = YES_ERROR;
				CLANG_WARN_QUOTED_INCLUDE_IN_FRAMEWORK_HEADER = YES;
				CLANG_WARN_RANGE_LOOP_ANALYSIS = YES;
				CLANG_WARN_STRICT_PROTOTYPES = YES;
				CLANG_WARN_SUSPICIOUS_MOVE = YES;
				CLANG_WARN_UNGUARDED_AVAILABILITY = YES_AGGRESSIVE;
				CLANG_WARN_UNREACHABLE_CODE = YES;
				CLANG_WARN__DUPLICATE_METHOD_MATCH = YES;
				COPY_PHASE_STRIP = NO;
				DEBUG_INFORMATION_FORMAT = "dwarf-with-dsym";
				ENABLE_NS_ASSERTIONS = NO;
				ENABLE_STRICT_OBJC_MSGSEND = YES;
				ENABLE_USER_SCRIPT_SANDBOXING = NO;
				EXCLUDED_ARCHS = arm64;
				GCC_C_LANGUAGE_STANDARD = gnu17;
				GCC_NO_COMMON_BLOCKS = YES;
				GCC_WARN_64_TO_32_BIT_CONVERSION = YES;
				GCC_WARN_ABOUT_RETURN_TYPE = YES_ERROR;
				GCC_WARN_UNDECLARED_SELECTOR = YES;
				GCC_WARN_UNINITIALIZED_AUTOS = YES_AGGRESSIVE;
				GCC_WARN_UNUSED_FUNCTION = YES;
				GCC_WARN_UNUSED_VARIABLE = YES;
				IPHONEOS_DEPLOYMENT_TARGET = 17.5;
				LOCALIZATION_PREFERS_STRING_CATALOGS = YES;
				MTL_ENABLE_DEBUG_INFO = NO;
				MTL_FAST_MATH = YES;
				SDKROOT = iphoneos;
				SWIFT_COMPILATION_MODE = wholemodule;
				VALIDATE_PRODUCT = YES;
			};
			name = Release;
		};
		6751AE032C8B017C00B1D6E3 /* Debug */ = {
			isa = XCBuildConfiguration;
			baseConfigurationReference = 1C70A5D9517C6C953877867F /* Pods-Minigames.debug.xcconfig */;
			buildSettings = {
				ASSETCATALOG_COMPILER_APPICON_NAME = AppIcon;
				ASSETCATALOG_COMPILER_GLOBAL_ACCENT_COLOR_NAME = AccentColor;
				CODE_SIGN_STYLE = Automatic;
				CURRENT_PROJECT_VERSION = 1;
				DEVELOPMENT_TEAM = HZT4WS52WF;
				GENERATE_INFOPLIST_FILE = YES;
				INFOPLIST_FILE = Minigames/Info.plist;
				INFOPLIST_KEY_UIApplicationSupportsIndirectInputEvents = YES;
				INFOPLIST_KEY_UILaunchStoryboardName = LaunchScreen;
				INFOPLIST_KEY_UISupportedInterfaceOrientations_iPad = "UIInterfaceOrientationPortrait UIInterfaceOrientationPortraitUpsideDown UIInterfaceOrientationLandscapeLeft UIInterfaceOrientationLandscapeRight";
				INFOPLIST_KEY_UISupportedInterfaceOrientations_iPhone = "UIInterfaceOrientationPortrait UIInterfaceOrientationLandscapeLeft UIInterfaceOrientationLandscapeRight";
				LD_RUNPATH_SEARCH_PATHS = (
					"$(inherited)",
					"@executable_path/Frameworks",
				);
				MARKETING_VERSION = 1.0;
				PRODUCT_BUNDLE_IDENTIFIER = "king-erosh.Minigames";
				PRODUCT_NAME = "$(TARGET_NAME)";
				SWIFT_EMIT_LOC_STRINGS = YES;
				SWIFT_VERSION = 5.0;
				TARGETED_DEVICE_FAMILY = "1,2";
				VALIDATE_PRODUCT = NO;
			};
			name = Debug;
		};
		6751AE042C8B017C00B1D6E3 /* Release */ = {
			isa = XCBuildConfiguration;
			baseConfigurationReference = 8138903272E1DF0FE9B922B1 /* Pods-Minigames.release.xcconfig */;
			buildSettings = {
				ASSETCATALOG_COMPILER_APPICON_NAME = AppIcon;
				ASSETCATALOG_COMPILER_GLOBAL_ACCENT_COLOR_NAME = AccentColor;
				CODE_SIGN_STYLE = Automatic;
				CURRENT_PROJECT_VERSION = 1;
				DEVELOPMENT_TEAM = HZT4WS52WF;
				GENERATE_INFOPLIST_FILE = YES;
				INFOPLIST_FILE = Minigames/Info.plist;
				INFOPLIST_KEY_UIApplicationSupportsIndirectInputEvents = YES;
				INFOPLIST_KEY_UILaunchStoryboardName = LaunchScreen;
				INFOPLIST_KEY_UISupportedInterfaceOrientations_iPad = "UIInterfaceOrientationPortrait UIInterfaceOrientationPortraitUpsideDown UIInterfaceOrientationLandscapeLeft UIInterfaceOrientationLandscapeRight";
				INFOPLIST_KEY_UISupportedInterfaceOrientations_iPhone = "UIInterfaceOrientationPortrait UIInterfaceOrientationLandscapeLeft UIInterfaceOrientationLandscapeRight";
				LD_RUNPATH_SEARCH_PATHS = (
					"$(inherited)",
					"@executable_path/Frameworks",
				);
				MARKETING_VERSION = 1.0;
				PRODUCT_BUNDLE_IDENTIFIER = "king-erosh.Minigames";
				PRODUCT_NAME = "$(TARGET_NAME)";
				SWIFT_EMIT_LOC_STRINGS = YES;
				SWIFT_VERSION = 5.0;
				TARGETED_DEVICE_FAMILY = "1,2";
				VALIDATE_PRODUCT = YES;
			};
			name = Release;
		};
		6751AE062C8B017C00B1D6E3 /* Debug */ = {
			isa = XCBuildConfiguration;
			buildSettings = {
				ALWAYS_EMBED_SWIFT_STANDARD_LIBRARIES = YES;
				BUNDLE_LOADER = "$(TEST_HOST)";
				CODE_SIGN_STYLE = Automatic;
				CURRENT_PROJECT_VERSION = 1;
				DEVELOPMENT_TEAM = HZT4WS52WF;
				GENERATE_INFOPLIST_FILE = YES;
				IPHONEOS_DEPLOYMENT_TARGET = 17.5;
				MARKETING_VERSION = 1.0;
				PRODUCT_BUNDLE_IDENTIFIER = "king-erosh.MinigamesTests";
				PRODUCT_NAME = "$(TARGET_NAME)";
				SWIFT_EMIT_LOC_STRINGS = NO;
				SWIFT_VERSION = 5.0;
				TARGETED_DEVICE_FAMILY = "1,2";
				TEST_HOST = "$(BUILT_PRODUCTS_DIR)/Minigames.app/$(BUNDLE_EXECUTABLE_FOLDER_PATH)/Minigames";
			};
			name = Debug;
		};
		6751AE072C8B017C00B1D6E3 /* Release */ = {
			isa = XCBuildConfiguration;
			buildSettings = {
				ALWAYS_EMBED_SWIFT_STANDARD_LIBRARIES = YES;
				BUNDLE_LOADER = "$(TEST_HOST)";
				CODE_SIGN_STYLE = Automatic;
				CURRENT_PROJECT_VERSION = 1;
				DEVELOPMENT_TEAM = HZT4WS52WF;
				GENERATE_INFOPLIST_FILE = YES;
				IPHONEOS_DEPLOYMENT_TARGET = 17.5;
				MARKETING_VERSION = 1.0;
				PRODUCT_BUNDLE_IDENTIFIER = "king-erosh.MinigamesTests";
				PRODUCT_NAME = "$(TARGET_NAME)";
				SWIFT_EMIT_LOC_STRINGS = NO;
				SWIFT_VERSION = 5.0;
				TARGETED_DEVICE_FAMILY = "1,2";
				TEST_HOST = "$(BUILT_PRODUCTS_DIR)/Minigames.app/$(BUNDLE_EXECUTABLE_FOLDER_PATH)/Minigames";
			};
			name = Release;
		};
		6751AE092C8B017C00B1D6E3 /* Debug */ = {
			isa = XCBuildConfiguration;
			buildSettings = {
				ALWAYS_EMBED_SWIFT_STANDARD_LIBRARIES = YES;
				CODE_SIGN_STYLE = Automatic;
				CURRENT_PROJECT_VERSION = 1;
				DEVELOPMENT_TEAM = HZT4WS52WF;
				GENERATE_INFOPLIST_FILE = YES;
				MARKETING_VERSION = 1.0;
				PRODUCT_BUNDLE_IDENTIFIER = "king-erosh.MinigamesUITests";
				PRODUCT_NAME = "$(TARGET_NAME)";
				SWIFT_EMIT_LOC_STRINGS = NO;
				SWIFT_VERSION = 5.0;
				TARGETED_DEVICE_FAMILY = "1,2";
				TEST_TARGET_NAME = Minigames;
			};
			name = Debug;
		};
		6751AE0A2C8B017C00B1D6E3 /* Release */ = {
			isa = XCBuildConfiguration;
			buildSettings = {
				ALWAYS_EMBED_SWIFT_STANDARD_LIBRARIES = YES;
				CODE_SIGN_STYLE = Automatic;
				CURRENT_PROJECT_VERSION = 1;
				DEVELOPMENT_TEAM = HZT4WS52WF;
				GENERATE_INFOPLIST_FILE = YES;
				MARKETING_VERSION = 1.0;
				PRODUCT_BUNDLE_IDENTIFIER = "king-erosh.MinigamesUITests";
				PRODUCT_NAME = "$(TARGET_NAME)";
				SWIFT_EMIT_LOC_STRINGS = NO;
				SWIFT_VERSION = 5.0;
				TARGETED_DEVICE_FAMILY = "1,2";
				TEST_TARGET_NAME = Minigames;
			};
			name = Release;
		};
/* End XCBuildConfiguration section */

/* Begin XCConfigurationList section */
		6751ADD32C8B017B00B1D6E3 /* Build configuration list for PBXProject "Minigames" */ = {
			isa = XCConfigurationList;
			buildConfigurations = (
				6751AE002C8B017C00B1D6E3 /* Debug */,
				6751AE012C8B017C00B1D6E3 /* Release */,
			);
			defaultConfigurationIsVisible = 0;
			defaultConfigurationName = Release;
		};
		6751AE022C8B017C00B1D6E3 /* Build configuration list for PBXNativeTarget "Minigames" */ = {
			isa = XCConfigurationList;
			buildConfigurations = (
				6751AE032C8B017C00B1D6E3 /* Debug */,
				6751AE042C8B017C00B1D6E3 /* Release */,
			);
			defaultConfigurationIsVisible = 0;
			defaultConfigurationName = Release;
		};
		6751AE052C8B017C00B1D6E3 /* Build configuration list for PBXNativeTarget "MinigamesTests" */ = {
			isa = XCConfigurationList;
			buildConfigurations = (
				6751AE062C8B017C00B1D6E3 /* Debug */,
				6751AE072C8B017C00B1D6E3 /* Release */,
			);
			defaultConfigurationIsVisible = 0;
			defaultConfigurationName = Release;
		};
		6751AE082C8B017C00B1D6E3 /* Build configuration list for PBXNativeTarget "MinigamesUITests" */ = {
			isa = XCConfigurationList;
			buildConfigurations = (
				6751AE092C8B017C00B1D6E3 /* Debug */,
				6751AE0A2C8B017C00B1D6E3 /* Release */,
			);
			defaultConfigurationIsVisible = 0;
			defaultConfigurationName = Release;
		};
/* End XCConfigurationList section */

/* Begin XCVersionGroup section */
		67D046242C8E3EC800E33A7A /* Minigames.xcdatamodeld */ = {
			isa = XCVersionGroup;
			children = (
				67D046252C8E3EC800E33A7A /* Minigames.xcdatamodel */,
			);
			currentVersion = 67D046252C8E3EC800E33A7A /* Minigames.xcdatamodel */;
			name = Minigames.xcdatamodeld;
			path = /Users/erosh/Desktop/xcode/Minigames/Minigames/View/Data/Minigames.xcdatamodeld;
			sourceTree = "<group>";
			versionGroupType = wrapper.xcdatamodel;
		};
/* End XCVersionGroup section */
	};
	rootObject = 6751ADD02C8B017B00B1D6E3 /* Project object */;
}
